
Microsoft Visual Studio Solution File, Format Version 12.00
# Visual Studio Version 16
VisualStudioVersion = 16.0.30804.86
MinimumVisualStudioVersion = 10.0.40219.1
Project("{FAE04EC0-301F-11D3-BF4B-00C04F79EFBC}") = "CurvePlus", "CurvePlus.csproj", "{6245EABB-F49F-4140-AF39-A4A85DE6A83E}"
EndProject
Global
	GlobalSection(SolutionConfigurationPlatforms) = preSolution
		Debug|Any CPU = Debug|Any CPU
		Release|Any CPU = Release|Any CPU
	EndGlobalSection
	GlobalSection(ProjectConfigurationPlatforms) = postSolution
		{6245EABB-F49F-4140-AF39-A4A85DE6A83E}.Debug|Any CPU.ActiveCfg = Debug|Any CPU
		{6245EABB-F49F-4140-AF39-A4A85DE6A83E}.Debug|Any CPU.Build.0 = Debug|Any CPU
		{6245EABB-F49F-4140-AF39-A4A85DE6A83E}.Release|Any CPU.ActiveCfg = Release|Any CPU
		{6245EABB-F49F-4140-AF39-A4A85DE6A83E}.Release|Any CPU.Build.0 = Release|Any CPU
	EndGlobalSection
	GlobalSection(SolutionProperties) = preSolution
		HideSolutionNode = FALSE
	EndGlobalSection
	GlobalSection(ExtensibilityGlobals) = postSolution
		SolutionGuid = {DC26054F-F206-4962-AB16-33EA6C7BF942}
	EndGlobalSection
EndGlobal
